%{
  "dialyxir": {:hex, :dialyxir, "1.4.2", "764a6e8e7a354f0ba95d58418178d486065ead1f69ad89782817c296d0d746a5", [:mix], [{:erlex, ">= 0.2.6", [hex: :erlex, repo: "hexpm", optional: false]}], "hexpm", "516603d8067b2fd585319e4b13d3674ad4f314a5902ba8130cd97dc902ce6bbd"},
  "earmark_parser": {:hex, :earmark_parser, "1.4.38", "b42252eddf63bda05554ba8be93a1262dc0920c721f1aaf989f5de0f73a2e367", [:mix], [], "hexpm", "2cd0907795aaef0c7e8442e376633c5b3bd6edc8dbbdc539b22f095501c1cdb6"},
  "erlex": {:hex, :erlex, "0.2.6", "c7987d15e899c7a2f34f5420d2a2ea0d659682c06ac607572df55a43753aa12e", [:mix], [], "hexpm", "2ed2e25711feb44d52b17d2780eabf998452f6efda104877a3881c2f8c0c0c75"},
  "ex_doc": {:hex, :ex_doc, "0.30.9", "d691453495c47434c0f2052b08dd91cc32bc4e1a218f86884563448ee2502dd2", [:mix], [{:earmark_parser, "~> 1.4.31", [hex: :earmark_parser, repo: "hexpm", optional: false]}, {:makeup_elixir, "~> 0.14", [hex: :makeup_elixir, repo: "hexpm", optional: false]}, {:makeup_erlang, "~> 0.1", [hex: :makeup_erlang, repo: "hexpm", optional: false]}], "hexpm", "d7aaaf21e95dc5cddabf89063327e96867d00013963eadf2c6ad135506a8bc10"},
  "file_only_logger": {:hex, :file_only_logger, "0.2.15", "8f22365874f5173ddc28977c2794c3df5854a30f5090de55f6a03221b79f4c8a", [:mix], [{:persist_config, "~> 0.4", [hex: :persist_config, repo: "hexpm", optional: false]}], "hexpm", "9a64abc473100a1ccd6eb7e355948a965ba43dfe1d698c6a9941b6e720bfcf07"},
  "hangman_dictionary": {:hex, :hangman_dictionary, "0.1.37", "e2680977a8603def81514109b5a2bbb57fb4608553422c416176c4610eed460e", [:mix], [{:persist_config, "~> 0.4", [hex: :persist_config, repo: "hexpm", optional: false]}], "hexpm", "edaad3552df2a22af5136bd080f434d3643b2e84271349bfcf07397f897280e3"},
  "hangman_engine": {:hex, :hangman_engine, "0.1.55", "a9eea28463b5be532991a4cad0359d32992f25f9b83f80be2f51abf820a826b5", [:mix], [{:file_only_logger, "~> 0.2", [hex: :file_only_logger, repo: "hexpm", optional: false]}, {:hangman_game, "~> 0.1", [hex: :hangman_game, repo: "hexpm", optional: false]}, {:log_reset, "~> 0.1", [hex: :log_reset, repo: "hexpm", optional: false]}, {:persist_config, "~> 0.4", [hex: :persist_config, repo: "hexpm", optional: false]}], "hexpm", "0d0783b64f4f84ac84465db921f850cbf460c7976f7ed2bca2a37d5608a0d1d4"},
  "hangman_game": {:hex, :hangman_game, "0.1.26", "5d6fe4f0aa8414cd470b0b6ee4b062c5351fe33a28199942dae2671b2cc0423e", [:mix], [{:hangman_dictionary, "~> 0.1", [hex: :hangman_dictionary, repo: "hexpm", optional: false]}], "hexpm", "9007228d72e06f46d0bef5efe45a71700ec65305d9853ff09b2bd962fe079f3a"},
  "io_ansi_plus": {:hex, :io_ansi_plus, "0.1.57", "cd0cad684b34fdcee73ff73d337925d01953f275dc80e0a8ab78b4c5f01c7085", [:mix], [{:persist_config, "~> 0.4", [hex: :persist_config, repo: "hexpm", optional: false]}], "hexpm", "002f4602f8bb4ab1a47580f94f039a77a4793a78153d82ab4c8b6f6a49c831c8"},
  "log_reset": {:hex, :log_reset, "0.1.56", "d9e31dea8c5a6e6227b324d01f9da7d455a441072cb8b97217a6c6426e35cd76", [:mix], [{:file_only_logger, "~> 0.2", [hex: :file_only_logger, repo: "hexpm", optional: false]}, {:persist_config, "~> 0.4", [hex: :persist_config, repo: "hexpm", optional: false]}], "hexpm", "f0247645fa3dc5343d4005cc366c8406d798274963ed9fb1a1e99d10df8001fb"},
  "makeup": {:hex, :makeup, "1.1.1", "fa0bc768698053b2b3869fa8a62616501ff9d11a562f3ce39580d60860c3a55e", [:mix], [{:nimble_parsec, "~> 1.2.2 or ~> 1.3", [hex: :nimble_parsec, repo: "hexpm", optional: false]}], "hexpm", "5dc62fbdd0de44de194898b6710692490be74baa02d9d108bc29f007783b0b48"},
  "makeup_elixir": {:hex, :makeup_elixir, "0.16.1", "cc9e3ca312f1cfeccc572b37a09980287e243648108384b97ff2b76e505c3555", [:mix], [{:makeup, "~> 1.0", [hex: :makeup, repo: "hexpm", optional: false]}, {:nimble_parsec, "~> 1.2.3 or ~> 1.3", [hex: :nimble_parsec, repo: "hexpm", optional: false]}], "hexpm", "e127a341ad1b209bd80f7bd1620a15693a9908ed780c3b763bccf7d200c767c6"},
  "makeup_erlang": {:hex, :makeup_erlang, "0.1.2", "ad87296a092a46e03b7e9b0be7631ddcf64c790fa68a9ef5323b6cbb36affc72", [:mix], [{:makeup, "~> 1.0", [hex: :makeup, repo: "hexpm", optional: false]}], "hexpm", "f3f5a1ca93ce6e092d92b6d9c049bcda58a3b617a8d888f8e7231c85630e8108"},
  "nimble_parsec": {:hex, :nimble_parsec, "1.4.0", "51f9b613ea62cfa97b25ccc2c1b4216e81df970acd8e16e8d1bdc58fef21370d", [:mix], [], "hexpm", "9c565862810fb383e9838c1dd2d7d2c437b3d13b267414ba6af33e50d2d1cf28"},
  "persist_config": {:hex, :persist_config, "0.4.23", "9b4e0c361f144cb3edb5b38757ef0016e03d651ecda35adaab9f7c1bbb2eaf3b", [:mix], [], "hexpm", "436607b1009ffa6d9c0b75ebe6b1c419c492425bfbf53e2596b03d83dc2157bd"},
}
