%{
  "dialyxir": {:hex, :dialyxir, "1.4.5", "ca1571ac18e0f88d4ab245f0b60fa31ff1b12cbae2b11bd25d207f865e8ae78a", [:mix], [{:erlex, ">= 0.2.7", [hex: :erlex, repo: "hexpm", optional: false]}], "hexpm", "b0fb08bb8107c750db5c0b324fa2df5ceaa0f9307690ee3c1f6ba5b9eb5d35c3"},
  "earmark_parser": {:hex, :earmark_parser, "1.4.41", "ab34711c9dc6212dda44fcd20ecb87ac3f3fce6f0ca2f28d4a00e4154f8cd599", [:mix], [], "hexpm", "a81a04c7e34b6617c2792e291b5a2e57ab316365c2644ddc553bb9ed863ebefa"},
  "erlex": {:hex, :erlex, "0.2.7", "810e8725f96ab74d17aac676e748627a07bc87eb950d2b83acd29dc047a30595", [:mix], [], "hexpm", "3ed95f79d1a844c3f6bf0cea61e0d5612a42ce56da9c03f01df538685365efb0"},
  "ex_doc": {:hex, :ex_doc, "0.35.1", "de804c590d3df2d9d5b8aec77d758b00c814b356119b3d4455e4b8a8687aecaf", [:mix], [{:earmark_parser, "~> 1.4.39", [hex: :earmark_parser, repo: "hexpm", optional: false]}, {:makeup_c, ">= 0.1.0", [hex: :makeup_c, repo: "hexpm", optional: true]}, {:makeup_elixir, "~> 0.14 or ~> 1.0", [hex: :makeup_elixir, repo: "hexpm", optional: false]}, {:makeup_erlang, "~> 0.1 or ~> 1.0", [hex: :makeup_erlang, repo: "hexpm", optional: false]}, {:makeup_html, ">= 0.1.0", [hex: :makeup_html, repo: "hexpm", optional: true]}], "hexpm", "2121c6402c8d44b05622677b761371a759143b958c6c19f6558ff64d0aed40df"},
  "file_only_logger": {:hex, :file_only_logger, "0.2.28", "6029adcfaace292ef140ebbc8d158c1c3f35ccab18ee588de77cc8b7cff1c9bb", [:mix], [{:persist_config, "~> 0.4", [hex: :persist_config, repo: "hexpm", optional: false]}], "hexpm", "c0a91599ba5195a67dc9678ac032b92ab8b0fed07e09b75c80b728f65b17c88a"},
  "hangman_dictionary": {:hex, :hangman_dictionary, "0.1.48", "b01d3da5c0fbfb7fc3fb65801778cf4acf62db6dad91d24f6322485fcdfa98b8", [:mix], [{:persist_config, "~> 0.4", [hex: :persist_config, repo: "hexpm", optional: false]}], "hexpm", "d3b821efbc967eedf8ad386317ab8c3a070446167d4f8bb8dcc775a8c4d6c07d"},
  "hangman_engine": {:hex, :hangman_engine, "0.1.70", "32b363e4a9ab9caedddba01a793ce3f28138e2d19d5a5a3e35468df7599d9c1b", [:mix], [{:file_only_logger, "~> 0.2", [hex: :file_only_logger, repo: "hexpm", optional: false]}, {:hangman_dictionary, "~> 0.1", [hex: :hangman_dictionary, repo: "hexpm", optional: false]}, {:hangman_game, "~> 0.1", [hex: :hangman_game, repo: "hexpm", optional: false]}, {:log_reset, "~> 0.1", [hex: :log_reset, repo: "hexpm", optional: false]}, {:persist_config, "~> 0.4", [hex: :persist_config, repo: "hexpm", optional: false]}], "hexpm", "53556bb322496cca5d4dd4c422f66aba59ff347a4b9409a16a2ea3f7865c3ba0"},
  "hangman_game": {:hex, :hangman_game, "0.1.51", "bb264f5f950cff7caf3d286558b5e92ab53f7e29743aa12b824b1e7046563dcc", [:mix], [], "hexpm", "c2e16d367f0f9acf6ddf35e23f17ab00d35c6bd8157bd9b141b7cf7ff73abedf"},
  "io_ansi_plus": {:hex, :io_ansi_plus, "0.1.61", "bbc4eb6fb43a9594ad17c69ed03d97127d6b71e5ef61f1866c82a505bcb9834f", [:mix], [{:persist_config, "~> 0.4", [hex: :persist_config, repo: "hexpm", optional: false]}], "hexpm", "969d48435a726721f86444c8b1b2e2027c920f4753d7a5eca93f2ef1dd23003b"},
  "log_reset": {:hex, :log_reset, "0.1.60", "e0f4cb5211ee56942ced761af504ce3a060c3cadc3dc27932e6db9e267df209c", [:mix], [{:file_only_logger, "~> 0.2", [hex: :file_only_logger, repo: "hexpm", optional: false]}, {:persist_config, "~> 0.4", [hex: :persist_config, repo: "hexpm", optional: false]}], "hexpm", "e83dba65b7cb074ac0c6dce0d0f3eccf2d32871eaa36ded3356a39edf5163ed9"},
  "makeup": {:hex, :makeup, "1.2.1", "e90ac1c65589ef354378def3ba19d401e739ee7ee06fb47f94c687016e3713d1", [:mix], [{:nimble_parsec, "~> 1.4", [hex: :nimble_parsec, repo: "hexpm", optional: false]}], "hexpm", "d36484867b0bae0fea568d10131197a4c2e47056a6fbe84922bf6ba71c8d17ce"},
  "makeup_elixir": {:hex, :makeup_elixir, "1.0.0", "74bb8348c9b3a51d5c589bf5aebb0466a84b33274150e3b6ece1da45584afc82", [:mix], [{:makeup, "~> 1.0", [hex: :makeup, repo: "hexpm", optional: false]}, {:nimble_parsec, "~> 1.2.3 or ~> 1.3", [hex: :nimble_parsec, repo: "hexpm", optional: false]}], "hexpm", "49159b7d7d999e836bedaf09dcf35ca18b312230cf901b725a64f3f42e407983"},
  "makeup_erlang": {:hex, :makeup_erlang, "1.0.1", "c7f58c120b2b5aa5fd80d540a89fdf866ed42f1f3994e4fe189abebeab610839", [:mix], [{:makeup, "~> 1.0", [hex: :makeup, repo: "hexpm", optional: false]}], "hexpm", "8a89a1eeccc2d798d6ea15496a6e4870b75e014d1af514b1b71fa33134f57814"},
  "nimble_parsec": {:hex, :nimble_parsec, "1.4.0", "51f9b613ea62cfa97b25ccc2c1b4216e81df970acd8e16e8d1bdc58fef21370d", [:mix], [], "hexpm", "9c565862810fb383e9838c1dd2d7d2c437b3d13b267414ba6af33e50d2d1cf28"},
  "persist_config": {:hex, :persist_config, "0.4.34", "27c6ec30ce0a2c1e5464bc6ce0225eb38d018309c9984eecfdb34b5e5a81ba4b", [:mix], [], "hexpm", "56c776c1057d04bd54c6b93b94d44d56e1f93ec744c82640cb64bbb4fa0f89d1"},
}
